
Microsoft Visual Studio Solution File, Format Version 12.00
# Visual Studio Version 17
VisualStudioVersion = 17.1.32210.238
MinimumVisualStudioVersion = 10.0.40219.1
Project("{2150E333-8FDC-42A3-9474-1A3956D46DE8}") = "src", "src", "{C7ABE32A-139E-4E47-86E4-CF938BA276C4}"
EndProject
Project("{9A19103F-16F7-4668-BE54-9A1E7A4F7556}") = "Synnduit.TestHelper", "src\Synnduit.TestHelper\Synnduit.TestHelper.csproj", "{2D607598-E0BC-4F8B-8736-03E3C6F37492}"
EndProject
Global
	GlobalSection(SolutionConfigurationPlatforms) = preSolution
		Debug|Any CPU = Debug|Any CPU
		Release|Any CPU = Release|Any CPU
	EndGlobalSection
	GlobalSection(ProjectConfigurationPlatforms) = postSolution
		{2D607598-E0BC-4F8B-8736-03E3C6F37492}.Debug|Any CPU.ActiveCfg = Debug|Any CPU
		{2D607598-E0BC-4F8B-8736-03E3C6F37492}.Debug|Any CPU.Build.0 = Debug|Any CPU
		{2D607598-E0BC-4F8B-8736-03E3C6F37492}.Release|Any CPU.ActiveCfg = Release|Any CPU
		{2D607598-E0BC-4F8B-8736-03E3C6F37492}.Release|Any CPU.Build.0 = Release|Any CPU
	EndGlobalSection
	GlobalSection(SolutionProperties) = preSolution
		HideSolutionNode = FALSE
	EndGlobalSection
	GlobalSection(NestedProjects) = preSolution
		{2D607598-E0BC-4F8B-8736-03E3C6F37492} = {C7ABE32A-139E-4E47-86E4-CF938BA276C4}
	EndGlobalSection
	GlobalSection(ExtensibilityGlobals) = postSolution
		SolutionGuid = {B17FE498-8B05-49A5-9C11-E68EE7BF0139}
	EndGlobalSection
EndGlobal
